
Microsoft Visual Studio Solution File, Format Version 12.00
# Visual Studio 14
VisualStudioVersion = 14.0.25420.1
MinimumVisualStudioVersion = 10.0.40219.1
Project("{FAE04EC0-301F-11D3-BF4B-00C04F79EFBC}") = "CardGame", "CardGame\CardGame.csproj", "{D4376209-03DD-4619-B7C5-D668C06EFDF7}"
EndProject
Project("{FAE04EC0-301F-11D3-BF4B-00C04F79EFBC}") = "CommonClasses", "CommonClasses\CommonClasses.csproj", "{03B70C8C-62A2-4ADA-9EA6-A3E24DCC0327}"
EndProject
Project("{FAE04EC0-301F-11D3-BF4B-00C04F79EFBC}") = "PokerGame", "PokerGame\PokerGame.csproj", "{DD5EC46A-0CD2-45AE-B25D-0CCFB37D38DA}"
EndProject
Global
	GlobalSection(SolutionConfigurationPlatforms) = preSolution
		Debug|Any CPU = Debug|Any CPU
		Release|Any CPU = Release|Any CPU
	EndGlobalSection
	GlobalSection(ProjectConfigurationPlatforms) = postSolution
		{D4376209-03DD-4619-B7C5-D668C06EFDF7}.Debug|Any CPU.ActiveCfg = Debug|Any CPU
		{D4376209-03DD-4619-B7C5-D668C06EFDF7}.Debug|Any CPU.Build.0 = Debug|Any CPU
		{D4376209-03DD-4619-B7C5-D668C06EFDF7}.Release|Any CPU.ActiveCfg = Release|Any CPU
		{D4376209-03DD-4619-B7C5-D668C06EFDF7}.Release|Any CPU.Build.0 = Release|Any CPU
		{03B70C8C-62A2-4ADA-9EA6-A3E24DCC0327}.Debug|Any CPU.ActiveCfg = Debug|Any CPU
		{03B70C8C-62A2-4ADA-9EA6-A3E24DCC0327}.Debug|Any CPU.Build.0 = Debug|Any CPU
		{03B70C8C-62A2-4ADA-9EA6-A3E24DCC0327}.Release|Any CPU.ActiveCfg = Release|Any CPU
		{03B70C8C-62A2-4ADA-9EA6-A3E24DCC0327}.Release|Any CPU.Build.0 = Release|Any CPU
		{DD5EC46A-0CD2-45AE-B25D-0CCFB37D38DA}.Debug|Any CPU.ActiveCfg = Debug|Any CPU
		{DD5EC46A-0CD2-45AE-B25D-0CCFB37D38DA}.Debug|Any CPU.Build.0 = Debug|Any CPU
		{DD5EC46A-0CD2-45AE-B25D-0CCFB37D38DA}.Release|Any CPU.ActiveCfg = Release|Any CPU
		{DD5EC46A-0CD2-45AE-B25D-0CCFB37D38DA}.Release|Any CPU.Build.0 = Release|Any CPU
	EndGlobalSection
	GlobalSection(SolutionProperties) = preSolution
		HideSolutionNode = FALSE
	EndGlobalSection
EndGlobal
